
Microsoft Visual Studio Solution File, Format Version 12.00
# Visual Studio 2012
Project("{FAE04EC0-301F-11D3-BF4B-00C04F79EFBC}") = "LogicTimer", "LogicTimer\LogicTimer.csproj", "{51C6B05C-1EE1-4C2E-8134-39BD4F2EDD9C}"
EndProject
Project("{FAE04EC0-301F-11D3-BF4B-00C04F79EFBC}") = "LogicBinarySearch", "LogicBinarySearch\LogicBinarySearch.csproj", "{568E2FAB-B520-4DBA-94B0-71A426128FA7}"
EndProject
Project("{FAE04EC0-301F-11D3-BF4B-00C04F79EFBC}") = "BinarySearch.NUnit.Tests", "BinarySearch.NUnit.Tests\BinarySearch.NUnit.Tests.csproj", "{50597E82-3710-4EA1-B8A6-83AE6E7A30CA}"
EndProject
Project("{FAE04EC0-301F-11D3-BF4B-00C04F79EFBC}") = "Timer.ConsoleUI", "Timer.ConsoleUI\Timer.ConsoleUI.csproj", "{FB17BD3A-3588-465D-993B-A82EF28F0204}"
EndProject
Global
	GlobalSection(SolutionConfigurationPlatforms) = preSolution
		Debug|Any CPU = Debug|Any CPU
		Release|Any CPU = Release|Any CPU
	EndGlobalSection
	GlobalSection(ProjectConfigurationPlatforms) = postSolution
		{51C6B05C-1EE1-4C2E-8134-39BD4F2EDD9C}.Debug|Any CPU.ActiveCfg = Debug|Any CPU
		{51C6B05C-1EE1-4C2E-8134-39BD4F2EDD9C}.Debug|Any CPU.Build.0 = Debug|Any CPU
		{51C6B05C-1EE1-4C2E-8134-39BD4F2EDD9C}.Release|Any CPU.ActiveCfg = Release|Any CPU
		{51C6B05C-1EE1-4C2E-8134-39BD4F2EDD9C}.Release|Any CPU.Build.0 = Release|Any CPU
		{568E2FAB-B520-4DBA-94B0-71A426128FA7}.Debug|Any CPU.ActiveCfg = Debug|Any CPU
		{568E2FAB-B520-4DBA-94B0-71A426128FA7}.Debug|Any CPU.Build.0 = Debug|Any CPU
		{568E2FAB-B520-4DBA-94B0-71A426128FA7}.Release|Any CPU.ActiveCfg = Release|Any CPU
		{568E2FAB-B520-4DBA-94B0-71A426128FA7}.Release|Any CPU.Build.0 = Release|Any CPU
		{50597E82-3710-4EA1-B8A6-83AE6E7A30CA}.Debug|Any CPU.ActiveCfg = Debug|Any CPU
		{50597E82-3710-4EA1-B8A6-83AE6E7A30CA}.Debug|Any CPU.Build.0 = Debug|Any CPU
		{50597E82-3710-4EA1-B8A6-83AE6E7A30CA}.Release|Any CPU.ActiveCfg = Release|Any CPU
		{50597E82-3710-4EA1-B8A6-83AE6E7A30CA}.Release|Any CPU.Build.0 = Release|Any CPU
		{FB17BD3A-3588-465D-993B-A82EF28F0204}.Debug|Any CPU.ActiveCfg = Debug|Any CPU
		{FB17BD3A-3588-465D-993B-A82EF28F0204}.Debug|Any CPU.Build.0 = Debug|Any CPU
		{FB17BD3A-3588-465D-993B-A82EF28F0204}.Release|Any CPU.ActiveCfg = Release|Any CPU
		{FB17BD3A-3588-465D-993B-A82EF28F0204}.Release|Any CPU.Build.0 = Release|Any CPU
	EndGlobalSection
EndGlobal
